Microsoft Visual Studio Solution File, Format Version 12.00
# Visual Studio Version 17
VisualStudioVersion = 17.5.2.0
MinimumVisualStudioVersion = 10.0.40219.1
Project("{FAE04EC0-301F-11D3-BF4B-00C04F79EFBC}") = "day-23", "day-23.csproj", "{3D8A299F-DC15-A7AE-287F-AC868D9C67FF}"
EndProject
Global
	GlobalSection(SolutionConfigurationPlatforms) = preSolution
		Debug|Any CPU = Debug|Any CPU
		Release|Any CPU = Release|Any CPU
	EndGlobalSection
	GlobalSection(ProjectConfigurationPlatforms) = postSolution
		{3D8A299F-DC15-A7AE-287F-AC868D9C67FF}.Debug|Any CPU.ActiveCfg = Debug|Any CPU
		{3D8A299F-DC15-A7AE-287F-AC868D9C67FF}.Debug|Any CPU.Build.0 = Debug|Any CPU
		{3D8A299F-DC15-A7AE-287F-AC868D9C67FF}.Release|Any CPU.ActiveCfg = Release|Any CPU
		{3D8A299F-DC15-A7AE-287F-AC868D9C67FF}.Release|Any CPU.Build.0 = Release|Any CPU
	EndGlobalSection
	GlobalSection(SolutionProperties) = preSolution
		HideSolutionNode = FALSE
	EndGlobalSection
	GlobalSection(ExtensibilityGlobals) = postSolution
		SolutionGuid = {2716C3D0-116B-4925-B1CE-5860A779A4CF}
	EndGlobalSection
EndGlobal
